
Microsoft Visual Studio Solution File, Format Version 12.00
# Visual Studio Version 16
VisualStudioVersion = 16.0.30002.166
MinimumVisualStudioVersion = 10.0.40219.1
Project("{9A19103F-16F7-4668-BE54-9A1E7A4F7556}") = "GoRun", "GoRun\GoRun.csproj", "{34E4ACB5-9184-4AFE-8709-A6179437F318}"
EndProject
Project("{FAE04EC0-301F-11D3-BF4B-00C04F79EFBC}") = "DataChart", "DataChart\DataChart.csproj", "{1029A5BB-50AF-403E-BC2E-41171AF72213}"
EndProject
Project("{FAE04EC0-301F-11D3-BF4B-00C04F79EFBC}") = "RunChart", "RunChart\RunChart.csproj", "{5410EC2E-C0F1-4AF8-839B-5F5BEC024111}"
EndProject
Global
	GlobalSection(SolutionConfigurationPlatforms) = preSolution
		Debug|Any CPU = Debug|Any CPU
		Release|Any CPU = Release|Any CPU
	EndGlobalSection
	GlobalSection(ProjectConfigurationPlatforms) = postSolution
		{34E4ACB5-9184-4AFE-8709-A6179437F318}.Debug|Any CPU.ActiveCfg = Debug|Any CPU
		{34E4ACB5-9184-4AFE-8709-A6179437F318}.Debug|Any CPU.Build.0 = Debug|Any CPU
		{34E4ACB5-9184-4AFE-8709-A6179437F318}.Release|Any CPU.ActiveCfg = Release|Any CPU
		{34E4ACB5-9184-4AFE-8709-A6179437F318}.Release|Any CPU.Build.0 = Release|Any CPU
		{1029A5BB-50AF-403E-BC2E-41171AF72213}.Debug|Any CPU.ActiveCfg = Debug|Any CPU
		{1029A5BB-50AF-403E-BC2E-41171AF72213}.Debug|Any CPU.Build.0 = Debug|Any CPU
		{1029A5BB-50AF-403E-BC2E-41171AF72213}.Release|Any CPU.ActiveCfg = Release|Any CPU
		{1029A5BB-50AF-403E-BC2E-41171AF72213}.Release|Any CPU.Build.0 = Release|Any CPU
		{5410EC2E-C0F1-4AF8-839B-5F5BEC024111}.Debug|Any CPU.ActiveCfg = Debug|Any CPU
		{5410EC2E-C0F1-4AF8-839B-5F5BEC024111}.Debug|Any CPU.Build.0 = Debug|Any CPU
		{5410EC2E-C0F1-4AF8-839B-5F5BEC024111}.Release|Any CPU.ActiveCfg = Release|Any CPU
		{5410EC2E-C0F1-4AF8-839B-5F5BEC024111}.Release|Any CPU.Build.0 = Release|Any CPU
	EndGlobalSection
	GlobalSection(SolutionProperties) = preSolution
		HideSolutionNode = FALSE
	EndGlobalSection
	GlobalSection(ExtensibilityGlobals) = postSolution
		SolutionGuid = {D94E803F-C0BE-4766-B089-526FCFADE474}
	EndGlobalSection
EndGlobal
